<?xml version="1.0"?>
<Project ToolsVersion="4.0" xmlns="http://schemas.microsoft.com/developer/msbuild/2003">
	<ItemGroup>
		<ClCompile Include="src\ofApp.cpp">
			<Filter>src</Filter>
		</ClCompile>
		<ClCompile Include="src\main.cpp">
			<Filter>src</Filter>
		</ClCompile>
		<ClCompile Include="src\main.cpp">
			<Filter>src</Filter>
		</ClCompile>
		<ClCompile Include="src\ofApp.cpp">
			<Filter>src</Filter>
		</ClCompile>
		<ClCompile Include="..\..\..\addons\ofxBvh\src\ofxBvh.cpp">
			<Filter>addons\ofxBvh\src</Filter>
		</ClCompile>
		<ClCompile Include="..\..\..\addons\ofxMarchingCubes\src\ofxMarchingCubes.cpp">
			<Filter>addons\ofxMarchingCubes\src</Filter>
		</ClCompile>
		<ClCompile Include="..\..\..\addons\ofxSTL\src\ofxSTLExporter.cpp">
			<Filter>addons\ofxSTL\src</Filter>
		</ClCompile>
		<ClCompile Include="..\..\..\addons\ofxSTL\src\ofxSTLImporter.cpp">
			<Filter>addons\ofxSTL\src</Filter>
		</ClCompile>
	</ItemGroup>
	<ItemGroup>
		<Filter Include="src">
			<UniqueIdentifier>{d8376475-7454-4a24-b08a-aac121d3ad6f}</UniqueIdentifier>
		</Filter>
		<Filter Include="addons">
			<UniqueIdentifier>{81DD5DE0--AA7-0-47-93-9-892-882D82ED0AA5}</UniqueIdentifier>
		</Filter>
		<Filter Include="addons\ofxBvh">
			<UniqueIdentifier>{9A6629DA--80B-6-4A-23-B-91F-8CBE78B072F5}</UniqueIdentifier>
		</Filter>
		<Filter Include="addons\ofxBvh\src">
			<UniqueIdentifier>{A9B42C31--E97-B-42-63-A-E82-7938BC572CA6}</UniqueIdentifier>
		</Filter>
		<Filter Include="addons\ofxMarchingCubes">
			<UniqueIdentifier>{454E0918--AD6-B-46-EE-B-492-2AF6BC1B019D}</UniqueIdentifier>
		</Filter>
		<Filter Include="addons\ofxMarchingCubes\src">
			<UniqueIdentifier>{85FED7D7--A14-0-42-25-9-7DF-837A006D4BCF}</UniqueIdentifier>
		</Filter>
		<Filter Include="addons\ofxSTL">
			<UniqueIdentifier>{B7678B55--53E-D-43-31-A-D94-F59422073A76}</UniqueIdentifier>
		</Filter>
		<Filter Include="addons\ofxSTL\src">
			<UniqueIdentifier>{3A06D1F8--A7C-C-4A-32-A-209-035DFEC71484}</UniqueIdentifier>
		</Filter>
		<Filter Include="addons\ofxSTL\src\utils">
			<UniqueIdentifier>{ED425D7A--62D-6-4B-B0-B-04D-D3CE58E56232}</UniqueIdentifier>
		</Filter>
	</ItemGroup>
	<ItemGroup>
		<ClInclude Include="src\ofApp.h">
			<Filter>src</Filter>
		</ClInclude>
		<ClInclude Include="src\MetaBall.h">
			<Filter>src</Filter>
		</ClInclude>
		<ClInclude Include="src\ofApp.h">
			<Filter>src</Filter>
		</ClInclude>
		<ClInclude Include="..\..\..\addons\ofxBvh\src\ofxBvh.h">
			<Filter>addons\ofxBvh\src</Filter>
		</ClInclude>
		<ClInclude Include="..\..\..\addons\ofxMarchingCubes\src\ofxMarchingCubes.h">
			<Filter>addons\ofxMarchingCubes\src</Filter>
		</ClInclude>
		<ClInclude Include="..\..\..\addons\ofxMarchingCubes\src\ofxMCTypes.h">
			<Filter>addons\ofxMarchingCubes\src</Filter>
		</ClInclude>
		<ClInclude Include="..\..\..\addons\ofxMarchingCubes\src\Tables.h">
			<Filter>addons\ofxMarchingCubes\src</Filter>
		</ClInclude>
		<ClInclude Include="..\..\..\addons\ofxSTL\src\ofxSTL.h">
			<Filter>addons\ofxSTL\src</Filter>
		</ClInclude>
		<ClInclude Include="..\..\..\addons\ofxSTL\src\ofxSTLBase.h">
			<Filter>addons\ofxSTL\src</Filter>
		</ClInclude>
		<ClInclude Include="..\..\..\addons\ofxSTL\src\ofxSTLExporter.h">
			<Filter>addons\ofxSTL\src</Filter>
		</ClInclude>
		<ClInclude Include="..\..\..\addons\ofxSTL\src\ofxSTLFacet.h">
			<Filter>addons\ofxSTL\src</Filter>
		</ClInclude>
		<ClInclude Include="..\..\..\addons\ofxSTL\src\ofxSTLImporter.h">
			<Filter>addons\ofxSTL\src</Filter>
		</ClInclude>
		<ClInclude Include="..\..\..\addons\ofxSTL\src\utils\ofxSTLASCIIReader.h">
			<Filter>addons\ofxSTL\src\utils</Filter>
		</ClInclude>
		<ClInclude Include="..\..\..\addons\ofxSTL\src\utils\ofxSTLASCIIWriter.h">
			<Filter>addons\ofxSTL\src\utils</Filter>
		</ClInclude>
		<ClInclude Include="..\..\..\addons\ofxSTL\src\utils\ofxSTLBinaryReader.h">
			<Filter>addons\ofxSTL\src\utils</Filter>
		</ClInclude>
		<ClInclude Include="..\..\..\addons\ofxSTL\src\utils\ofxSTLBinaryWriter.h">
			<Filter>addons\ofxSTL\src\utils</Filter>
		</ClInclude>
		<ClInclude Include="..\..\..\addons\ofxSTL\src\utils\ofxSTLReaderBase.h">
			<Filter>addons\ofxSTL\src\utils</Filter>
		</ClInclude>
		<ClInclude Include="..\..\..\addons\ofxSTL\src\utils\ofxSTLWriterBase.h">
			<Filter>addons\ofxSTL\src\utils</Filter>
		</ClInclude>
	</ItemGroup>
	<ItemGroup>
		<ResourceCompile Include="icon.rc" />
	</ItemGroup>
</Project>
