{
	"archiveVersion": "1",
	"classes": {},
	"objectVersion": "54",
	"objects": {
		"051952FF-2CBF-4C6F-A942-D24B7B99EEF9": {
			"children": [
				"58463B09-DD88-40F7-AB27-405B1FF8F3B9",
				"7003EB8E-DCE3-4633-A579-CCCBD9F1EE20",
				"FBFF7B10-C98A-4FC0-821A-CBCDB3B26311",
				"66972BFD-CE83-4690-A8B6-99C0AD8CCE63",
				"E5A3A534-A548-4153-8B69-99C60646FB9D",
				"B7501358-C5E4-42B3-8DA3-D987D1ED1425"
			],
			"isa": "PBXGroup",
			"name": "utils",
			"path": "../../../addons/ofxSTL/src/utils",
			"sourceTree": "SOURCE_ROOT"
		},
		"080AF6DD-9A89-4C97-9A6C-BEC524E2E21F": {
			"explicitFileType": "sourcecode.c.h",
			"fileEncoding": "4",
			"isa": "PBXFileReference",
			"name": "Tables.h",
			"path": "../../../addons/ofxMarchingCubes/src/Tables.h",
			"sourceTree": "SOURCE_ROOT"
		},
		"191CD6FA2847E21E0085CBB6": {
			"fileEncoding": "4",
			"isa": "PBXFileReference",
			"lastKnownFileType": "text.plist.entitlements",
			"path": "of.entitlements",
			"sourceTree": "<group>"
		},
		"191EF70929D778A400F35F26": {
			"isa": "PBXFileReference",
			"lastKnownFileType": "folder",
			"name": "openFrameworks",
			"path": "../../../libs/openFrameworks",
			"sourceTree": "SOURCE_ROOT"
		},
		"19B789C429E5AB4A0082E9B8": {
			"buildActionMask": "2147483647",
			"files": [],
			"inputFileListPaths": [],
			"inputPaths": [],
			"isa": "PBXShellScriptBuildPhase",
			"outputFileListPaths": [],
			"outputPaths": [],
			"runOnlyForDeploymentPostprocessing": "0",
			"shellPath": "/bin/sh",
			"shellScript": "\"$OF_PATH/scripts/osx/xcode_project.sh\"\n",
			"showEnvVarsInLog": "0"
		},
		"1B835DAE-F32C-4FB8-856F-885047AAB2FB": {
			"explicitFileType": "sourcecode.c.h",
			"fileEncoding": "4",
			"isa": "PBXFileReference",
			"name": "ofxBvh.h",
			"path": "../../../addons/ofxBvh/src/ofxBvh.h",
			"sourceTree": "SOURCE_ROOT"
		},
		"1F6A1393-F2F5-41D4-8C09-DE63042C6E4C": {
			"children": [
				"F1414C89-0529-4601-BC08-0170CD0C20FE",
				"FDC49309-7BED-49DF-8066-B5CDF02E32B2",
				"28961795-B2B6-4673-A619-3037B648098D",
				"89E4EC37-EE8E-45D0-BE0F-B934703B8097",
				"491F9180-280A-4E23-8910-B6AFE30C6439",
				"7A6A477D-36B1-4AE1-8649-73C4D171CB8C",
				"75AE4C4E-1429-4411-AE3B-502684729BEA",
				"051952FF-2CBF-4C6F-A942-D24B7B99EEF9"
			],
			"isa": "PBXGroup",
			"name": "src",
			"path": "../../../addons/ofxSTL/src",
			"sourceTree": "SOURCE_ROOT"
		},
		"28961795-B2B6-4673-A619-3037B648098D": {
			"explicitFileType": "sourcecode.cpp.cpp",
			"fileEncoding": "4",
			"isa": "PBXFileReference",
			"name": "ofxSTLExporter.cpp",
			"path": "../../../addons/ofxSTL/src/ofxSTLExporter.cpp",
			"sourceTree": "SOURCE_ROOT"
		},
		"2A6F7F4E-0990-4985-AE7B-F0EE9FE6E349": {
			"explicitFileType": "sourcecode.c.h",
			"fileEncoding": "4",
			"isa": "PBXFileReference",
			"name": "MetaBall.h",
			"path": "src/MetaBall.h",
			"sourceTree": "SOURCE_ROOT"
		},
		"491F9180-280A-4E23-8910-B6AFE30C6439": {
			"explicitFileType": "sourcecode.c.h",
			"fileEncoding": "4",
			"isa": "PBXFileReference",
			"name": "ofxSTLFacet.h",
			"path": "../../../addons/ofxSTL/src/ofxSTLFacet.h",
			"sourceTree": "SOURCE_ROOT"
		},
		"58463B09-DD88-40F7-AB27-405B1FF8F3B9": {
			"explicitFileType": "sourcecode.c.h",
			"fileEncoding": "4",
			"isa": "PBXFileReference",
			"name": "ofxSTLASCIIReader.h",
			"path": "../../../addons/ofxSTL/src/utils/ofxSTLASCIIReader.h",
			"sourceTree": "SOURCE_ROOT"
		},
		"64059A65-06F1-47D5-9C0D-18A79F76A7AA": {
			"fileRef": "F3F89677-FB25-469F-A7AF-B66D137F809C",
			"isa": "PBXBuildFile"
		},
		"66248A96-ACF5-4C15-A686-05FD461C37B7": {
			"children": [
				"9E9A0BB3-7FFA-4465-9D31-83C154E714F8",
				"1B835DAE-F32C-4FB8-856F-885047AAB2FB"
			],
			"isa": "PBXGroup",
			"name": "src",
			"path": "../../../addons/ofxBvh/src",
			"sourceTree": "SOURCE_ROOT"
		},
		"66972BFD-CE83-4690-A8B6-99C0AD8CCE63": {
			"explicitFileType": "sourcecode.c.h",
			"fileEncoding": "4",
			"isa": "PBXFileReference",
			"name": "ofxSTLBinaryWriter.h",
			"path": "../../../addons/ofxSTL/src/utils/ofxSTLBinaryWriter.h",
			"sourceTree": "SOURCE_ROOT"
		},
		"69EA5A5D-4032-4783-B644-DD67796E6F51": {
			"fileRef": "9E9A0BB3-7FFA-4465-9D31-83C154E714F8",
			"isa": "PBXBuildFile"
		},
		"6E25D5B1-47AC-4E35-B966-ED5284E701B7": {
			"children": [
				"1F6A1393-F2F5-41D4-8C09-DE63042C6E4C"
			],
			"isa": "PBXGroup",
			"name": "ofxSTL",
			"path": "../../../addons/ofxSTL",
			"sourceTree": "SOURCE_ROOT"
		},
		"7003EB8E-DCE3-4633-A579-CCCBD9F1EE20": {
			"explicitFileType": "sourcecode.c.h",
			"fileEncoding": "4",
			"isa": "PBXFileReference",
			"name": "ofxSTLASCIIWriter.h",
			"path": "../../../addons/ofxSTL/src/utils/ofxSTLASCIIWriter.h",
			"sourceTree": "SOURCE_ROOT"
		},
		"75AE4C4E-1429-4411-AE3B-502684729BEA": {
			"explicitFileType": "sourcecode.c.h",
			"fileEncoding": "4",
			"isa": "PBXFileReference",
			"name": "ofxSTLImporter.h",
			"path": "../../../addons/ofxSTL/src/ofxSTLImporter.h",
			"sourceTree": "SOURCE_ROOT"
		},
		"7A53815E-280A-44A1-BF6F-9699593035B4": {
			"children": [
				"88E1EA8C-A4C5-471C-B59E-6FFE1A59E7B6"
			],
			"isa": "PBXGroup",
			"name": "ofxMarchingCubes",
			"path": "../../../addons/ofxMarchingCubes",
			"sourceTree": "SOURCE_ROOT"
		},
		"7A6A477D-36B1-4AE1-8649-73C4D171CB8C": {
			"explicitFileType": "sourcecode.cpp.cpp",
			"fileEncoding": "4",
			"isa": "PBXFileReference",
			"name": "ofxSTLImporter.cpp",
			"path": "../../../addons/ofxSTL/src/ofxSTLImporter.cpp",
			"sourceTree": "SOURCE_ROOT"
		},
		"88E1EA8C-A4C5-471C-B59E-6FFE1A59E7B6": {
			"children": [
				"080AF6DD-9A89-4C97-9A6C-BEC524E2E21F",
				"AF97F469-1356-4F4C-B81A-A8ED0400CC42",
				"F3F89677-FB25-469F-A7AF-B66D137F809C",
				"9A79F2A1-BBA5-4CCE-B85E-DDDD60B54210"
			],
			"isa": "PBXGroup",
			"name": "src",
			"path": "../../../addons/ofxMarchingCubes/src",
			"sourceTree": "SOURCE_ROOT"
		},
		"89E4EC37-EE8E-45D0-BE0F-B934703B8097": {
			"explicitFileType": "sourcecode.c.h",
			"fileEncoding": "4",
			"isa": "PBXFileReference",
			"name": "ofxSTLExporter.h",
			"path": "../../../addons/ofxSTL/src/ofxSTLExporter.h",
			"sourceTree": "SOURCE_ROOT"
		},
		"9A79F2A1-BBA5-4CCE-B85E-DDDD60B54210": {
			"explicitFileType": "sourcecode.c.h",
			"fileEncoding": "4",
			"isa": "PBXFileReference",
			"name": "ofxMarchingCubes.h",
			"path": "../../../addons/ofxMarchingCubes/src/ofxMarchingCubes.h",
			"sourceTree": "SOURCE_ROOT"
		},
		"9E9A0BB3-7FFA-4465-9D31-83C154E714F8": {
			"explicitFileType": "sourcecode.cpp.cpp",
			"fileEncoding": "4",
			"isa": "PBXFileReference",
			"name": "ofxBvh.cpp",
			"path": "../../../addons/ofxBvh/src/ofxBvh.cpp",
			"sourceTree": "SOURCE_ROOT"
		},
		"AF97F469-1356-4F4C-B81A-A8ED0400CC42": {
			"explicitFileType": "sourcecode.c.h",
			"fileEncoding": "4",
			"isa": "PBXFileReference",
			"name": "ofxMCTypes.h",
			"path": "../../../addons/ofxMarchingCubes/src/ofxMCTypes.h",
			"sourceTree": "SOURCE_ROOT"
		},
		"B7501358-C5E4-42B3-8DA3-D987D1ED1425": {
			"explicitFileType": "sourcecode.c.h",
			"fileEncoding": "4",
			"isa": "PBXFileReference",
			"name": "ofxSTLWriterBase.h",
			"path": "../../../addons/ofxSTL/src/utils/ofxSTLWriterBase.h",
			"sourceTree": "SOURCE_ROOT"
		},
		"BB4B014C10F69532006C3DED": {
			"children": [
				"C727EA27-E7FB-4B78-817E-0C8AF75C14FD",
				"7A53815E-280A-44A1-BF6F-9699593035B4",
				"6E25D5B1-47AC-4E35-B966-ED5284E701B7"
			],
			"isa": "PBXGroup",
			"name": "addons",
			"path": "../../../addons",
			"sourceTree": "<group>"
		},
		"C727EA27-E7FB-4B78-817E-0C8AF75C14FD": {
			"children": [
				"66248A96-ACF5-4C15-A686-05FD461C37B7"
			],
			"isa": "PBXGroup",
			"name": "ofxBvh",
			"path": "../../../addons/ofxBvh",
			"sourceTree": "SOURCE_ROOT"
		},
		"DEE773E3-FEDE-4040-9753-45E24E450F08": {
			"fileRef": "7A6A477D-36B1-4AE1-8649-73C4D171CB8C",
			"isa": "PBXBuildFile"
		},
		"E42962A92163ECCD00A6A9E2": {
			"alwaysOutOfDate": "1",
			"buildActionMask": "2147483647",
			"files": [],
			"inputPaths": [],
			"isa": "PBXShellScriptBuildPhase",
			"name": "Run Script — Compile OF",
			"outputPaths": [],
			"runOnlyForDeploymentPostprocessing": "0",
			"shellPath": "/bin/sh",
			"shellScript": "echo \"💾 Compiling Openframeworks\"\nxcodebuild -project \"$OF_PATH/libs/openFrameworksCompiled/project/osx/openFrameworksLib.xcodeproj\" -target openFrameworks -configuration \"${CONFIGURATION}\"  CLANG_CXX_LANGUAGE_STANDARD=$CLANG_CXX_LANGUAGE_STANDARD MACOSX_DEPLOYMENT_TARGET=$MACOSX_DEPLOYMENT_TARGET GCC_PREPROCESSOR_DEFINITIONS=$USER_PREPROCESSOR_DEFINITIONS\n",
			"showEnvVarsInLog": "0"
		},
		"E4A5B60F29BAAAE400C2D356": {
			"buildActionMask": "2147483647",
			"dstPath": "",
			"dstSubfolderSpec": "6",
			"files": [],
			"isa": "PBXCopyFilesBuildPhase",
			"runOnlyForDeploymentPostprocessing": "0"
		},
		"E4B69B4A0A3A1720003C02F2": {
			"children": [
				"191CD6FA2847E21E0085CBB6",
				"E4B6FCAD0C3E899E008CF71C",
				"E4EB6923138AFD0F00A09F29",
				"E4B69E1C0A3A1BDC003C02F2",
				"191EF70929D778A400F35F26",
				"BB4B014C10F69532006C3DED",
				"E4B69B5B0A3A1756003C02F2"
			],
			"isa": "PBXGroup",
			"sourceTree": "<group>"
		},
		"E4B69B4C0A3A1720003C02F2": {
			"attributes": {
				"LastUpgradeCheck": "0600"
			},
			"buildConfigurationList": "E4B69B4D0A3A1720003C02F2",
			"compatibilityVersion": "Xcode 3.2",
			"developmentRegion": "en",
			"hasScannedForEncodings": "0",
			"isa": "PBXProject",
			"knownRegions": [
				"en",
				"Base"
			],
			"mainGroup": "E4B69B4A0A3A1720003C02F2",
			"productRefGroup": "E4B69B4A0A3A1720003C02F2",
			"projectDirPath": "",
			"projectRoot": "",
			"targets": [
				"E4B69B5A0A3A1756003C02F2"
			]
		},
		"E4B69B4D0A3A1720003C02F2": {
			"buildConfigurations": [
				"E4B69B4E0A3A1720003C02F2",
				"E4B69B4F0A3A1720003C02F2"
			],
			"defaultConfigurationIsVisible": "0",
			"defaultConfigurationName": "Release",
			"isa": "XCConfigurationList"
		},
		"E4B69B4E0A3A1720003C02F2": {
			"baseConfigurationReference": "E4EB6923138AFD0F00A09F29",
			"buildSettings": {
				"CODE_SIGN_ENTITLEMENTS": "of.entitlements",
				"COPY_PHASE_STRIP": "NO",
				"ENABLE_TESTABILITY": "YES",
				"GCC_OPTIMIZATION_LEVEL": "0",
				"GCC_WARN_UNUSED_VARIABLE": "NO",
				"HEADER_SEARCH_PATHS": [
					"$(OF_CORE_HEADERS)",
					"src"
				],
				"OTHER_CPLUSPLUSFLAGS": "-D__MACOSX_CORE__"
			},
			"isa": "XCBuildConfiguration",
			"name": "Debug"
		},
		"E4B69B4F0A3A1720003C02F2": {
			"baseConfigurationReference": "E4EB6923138AFD0F00A09F29",
			"buildSettings": {
				"CODE_SIGN_ENTITLEMENTS": "of.entitlements",
				"COPY_PHASE_STRIP": "YES",
				"GCC_OPTIMIZATION_LEVEL": "3",
				"GCC_UNROLL_LOOPS": "YES",
				"HEADER_SEARCH_PATHS": [
					"$(OF_CORE_HEADERS)",
					"src"
				],
				"OTHER_CPLUSPLUSFLAGS": "-D__MACOSX_CORE__"
			},
			"isa": "XCBuildConfiguration",
			"name": "Release"
		},
		"E4B69B580A3A1756003C02F2": {
			"buildActionMask": "2147483647",
			"files": [
				"E4B69E200A3A1BDC003C02F2",
				"E4B69E210A3A1BDC003C02F2",
				"69EA5A5D-4032-4783-B644-DD67796E6F51",
				"64059A65-06F1-47D5-9C0D-18A79F76A7AA",
				"F8D4AC5D-6909-4871-9864-14BF5DF602A3",
				"DEE773E3-FEDE-4040-9753-45E24E450F08"
			],
			"isa": "PBXSourcesBuildPhase",
			"runOnlyForDeploymentPostprocessing": "0"
		},
		"E4B69B590A3A1756003C02F2": {
			"buildActionMask": "2147483647",
			"files": [],
			"isa": "PBXFrameworksBuildPhase",
			"runOnlyForDeploymentPostprocessing": "0"
		},
		"E4B69B5A0A3A1756003C02F2": {
			"buildConfigurationList": "E4B69B5F0A3A1757003C02F2",
			"buildPhases": [
				"E42962A92163ECCD00A6A9E2",
				"E4B69B580A3A1756003C02F2",
				"E4B69B590A3A1756003C02F2",
				"E4C2427710CC5ABF004149E2",
				"E4A5B60F29BAAAE400C2D356",
				"19B789C429E5AB4A0082E9B8"
			],
			"buildRules": [],
			"dependencies": [],
			"isa": "PBXNativeTarget",
			"name": "marching-cubes",
			"productName": "myOFApp",
			"productReference": "E4B69B5B0A3A1756003C02F2",
			"productType": "com.apple.product-type.application"
		},
		"E4B69B5B0A3A1756003C02F2": {
			"explicitFileType": "wrapper.application",
			"includeInIndex": "0",
			"isa": "PBXFileReference",
			"path": "marching-cubesDebug.app",
			"sourceTree": "BUILT_PRODUCTS_DIR"
		},
		"E4B69B5F0A3A1757003C02F2": {
			"buildConfigurations": [
				"E4B69B600A3A1757003C02F2",
				"E4B69B610A3A1757003C02F2"
			],
			"defaultConfigurationIsVisible": "0",
			"defaultConfigurationName": "Release",
			"isa": "XCConfigurationList"
		},
		"E4B69B600A3A1757003C02F2": {
			"baseConfigurationReference": "E4EB6923138AFD0F00A09F29",
			"buildSettings": {
				"ARCHS": "$(ARCHS_STANDARD)",
				"COPY_PHASE_STRIP": "NO",
				"FRAMEWORK_SEARCH_PATHS": "$(inherited)",
				"GCC_DYNAMIC_NO_PIC": "NO",
				"HEADER_SEARCH_PATHS": [
					"$(OF_CORE_HEADERS)",
					"src",
					"src",
					"../../../addons/ofxBvh/src",
					"../../../addons/ofxMarchingCubes/src",
					"../../../addons/ofxSTL/src",
					"../../../addons/ofxSTL/src/utils"
				],
				"LIBRARY_SEARCH_PATHS": "$(inherited)",
				"OTHER_LDFLAGS": [
					"$(OF_CORE_LIBS)",
					"$(OF_CORE_FRAMEWORKS)",
					"$(LIB_OF_DEBUG)"
				]
			},
			"isa": "XCBuildConfiguration",
			"name": "Debug"
		},
		"E4B69B610A3A1757003C02F2": {
			"baseConfigurationReference": "E4EB6923138AFD0F00A09F29",
			"buildSettings": {
				"ARCHS": "$(ARCHS_STANDARD)",
				"COPY_PHASE_STRIP": "YES",
				"FRAMEWORK_SEARCH_PATHS": "$(inherited)",
				"HEADER_SEARCH_PATHS": [
					"$(OF_CORE_HEADERS)",
					"src",
					"src",
					"../../../addons/ofxBvh/src",
					"../../../addons/ofxMarchingCubes/src",
					"../../../addons/ofxSTL/src",
					"../../../addons/ofxSTL/src/utils"
				],
				"LIBRARY_SEARCH_PATHS": "$(inherited)",
				"OTHER_LDFLAGS": [
					"$(OF_CORE_LIBS)",
					"$(OF_CORE_FRAMEWORKS)",
					"$(LIB_OF)"
				],
				"baseConfigurationReference": "E4EB6923138AFD0F00A09F29"
			},
			"isa": "XCBuildConfiguration",
			"name": "Release"
		},
		"E4B69E1C0A3A1BDC003C02F2": {
			"children": [
				"E4B69E1D0A3A1BDC003C02F2",
				"E4B69E1E0A3A1BDC003C02F2",
				"E4B69E1F0A3A1BDC003C02F2",
				"2A6F7F4E-0990-4985-AE7B-F0EE9FE6E349"
			],
			"isa": "PBXGroup",
			"path": "src",
			"sourceTree": "SOURCE_ROOT"
		},
		"E4B69E1D0A3A1BDC003C02F2": {
			"fileEncoding": "4",
			"isa": "PBXFileReference",
			"lastKnownFileType": "sourcecode.cpp.cpp",
			"name": "main.cpp",
			"path": "src/main.cpp",
			"sourceTree": "SOURCE_ROOT"
		},
		"E4B69E1E0A3A1BDC003C02F2": {
			"explicitFileType": "sourcecode.cpp.cpp",
			"fileEncoding": "4",
			"isa": "PBXFileReference",
			"name": "ofApp.cpp",
			"path": "src/ofApp.cpp",
			"sourceTree": "SOURCE_ROOT"
		},
		"E4B69E1F0A3A1BDC003C02F2": {
			"fileEncoding": "4",
			"isa": "PBXFileReference",
			"lastKnownFileType": "sourcecode.c.h",
			"name": "ofApp.h",
			"path": "src/ofApp.h",
			"sourceTree": "SOURCE_ROOT"
		},
		"E4B69E200A3A1BDC003C02F2": {
			"fileRef": "E4B69E1D0A3A1BDC003C02F2",
			"isa": "PBXBuildFile"
		},
		"E4B69E210A3A1BDC003C02F2": {
			"fileRef": "E4B69E1E0A3A1BDC003C02F2",
			"isa": "PBXBuildFile"
		},
		"E4B6FCAD0C3E899E008CF71C": {
			"fileEncoding": "4",
			"isa": "PBXFileReference",
			"lastKnownFileType": "text.plist.xml",
			"path": "openFrameworks-Info.plist",
			"sourceTree": "<group>"
		},
		"E4C2427710CC5ABF004149E2": {
			"buildActionMask": "2147483647",
			"dstPath": "",
			"dstSubfolderSpec": "10",
			"files": [],
			"isa": "PBXCopyFilesBuildPhase",
			"runOnlyForDeploymentPostprocessing": "0"
		},
		"E4EB6923138AFD0F00A09F29": {
			"fileEncoding": "4",
			"isa": "PBXFileReference",
			"lastKnownFileType": "text.xcconfig",
			"path": "Project.xcconfig",
			"sourceTree": "<group>"
		},
		"E5A3A534-A548-4153-8B69-99C60646FB9D": {
			"explicitFileType": "sourcecode.c.h",
			"fileEncoding": "4",
			"isa": "PBXFileReference",
			"name": "ofxSTLReaderBase.h",
			"path": "../../../addons/ofxSTL/src/utils/ofxSTLReaderBase.h",
			"sourceTree": "SOURCE_ROOT"
		},
		"F1414C89-0529-4601-BC08-0170CD0C20FE": {
			"explicitFileType": "sourcecode.c.h",
			"fileEncoding": "4",
			"isa": "PBXFileReference",
			"name": "ofxSTL.h",
			"path": "../../../addons/ofxSTL/src/ofxSTL.h",
			"sourceTree": "SOURCE_ROOT"
		},
		"F3F89677-FB25-469F-A7AF-B66D137F809C": {
			"explicitFileType": "sourcecode.cpp.cpp",
			"fileEncoding": "4",
			"isa": "PBXFileReference",
			"name": "ofxMarchingCubes.cpp",
			"path": "../../../addons/ofxMarchingCubes/src/ofxMarchingCubes.cpp",
			"sourceTree": "SOURCE_ROOT"
		},
		"F8D4AC5D-6909-4871-9864-14BF5DF602A3": {
			"fileRef": "28961795-B2B6-4673-A619-3037B648098D",
			"isa": "PBXBuildFile"
		},
		"FBFF7B10-C98A-4FC0-821A-CBCDB3B26311": {
			"explicitFileType": "sourcecode.c.h",
			"fileEncoding": "4",
			"isa": "PBXFileReference",
			"name": "ofxSTLBinaryReader.h",
			"path": "../../../addons/ofxSTL/src/utils/ofxSTLBinaryReader.h",
			"sourceTree": "SOURCE_ROOT"
		},
		"FDC49309-7BED-49DF-8066-B5CDF02E32B2": {
			"explicitFileType": "sourcecode.c.h",
			"fileEncoding": "4",
			"isa": "PBXFileReference",
			"name": "ofxSTLBase.h",
			"path": "../../../addons/ofxSTL/src/ofxSTLBase.h",
			"sourceTree": "SOURCE_ROOT"
		}
	},
	"openFrameworksProjectGeneratorVersion": "21",
	"rootObject": "E4B69B4C0A3A1720003C02F2"
}